// !$*UTF8*$!
{
	archiveVersion = 1;
	classes = {
	};
	objectVersion = 50;
	objects = {

/* Begin PBXBuildFile section */
		EBFADA0F2396438E006C5478 /* AppDelegate.swift in Sources */ = {isa = PBXBuildFile; fileRef = EBFADA0E2396438E006C5478 /* AppDelegate.swift */; };
		EBFADA142396438E006C5478 /* Main.storyboard in Resources */ = {isa = PBXBuildFile; fileRef = EBFADA122396438E006C5478 /* Main.storyboard */; };
		EBFADA162396438F006C5478 /* Assets.xcassets in Resources */ = {isa = PBXBuildFile; fileRef = EBFADA152396438F006C5478 /* Assets.xcassets */; };
		EBFADA192396438F006C5478 /* LaunchScreen.storyboard in Resources */ = {isa = PBXBuildFile; fileRef = EBFADA172396438F006C5478 /* LaunchScreen.storyboard */; };
		EBFADA312396443B006C5478 /* ProgressHUD.m in Sources */ = {isa = PBXBuildFile; fileRef = EBFADA222396443A006C5478 /* ProgressHUD.m */; };
		EBFADA322396443B006C5478 /* XYSDK.a in Frameworks */ = {isa = PBXBuildFile; fileRef = EBFADA302396443B006C5478 /* XYSDK.a */; };
		EBFADA3623964890006C5478 /* HomePageViewController.swift in Sources */ = {isa = PBXBuildFile; fileRef = EBFADA3523964890006C5478 /* HomePageViewController.swift */; };
		EBFADA382396494A006C5478 /* TagPrintingViewController.swift in Sources */ = {isa = PBXBuildFile; fileRef = EBFADA372396494A006C5478 /* TagPrintingViewController.swift */; };
		EBFADA3A2396496C006C5478 /* BillPrintingViewController.swift in Sources */ = {isa = PBXBuildFile; fileRef = EBFADA392396496C006C5478 /* BillPrintingViewController.swift */; };
		EBFADA3C23965875006C5478 /* UIView+showToast.swift in Sources */ = {isa = PBXBuildFile; fileRef = EBFADA3B23965875006C5478 /* UIView+showToast.swift */; };
/* End PBXBuildFile section */

/* Begin PBXFileReference section */
		EBFADA0B2396438E006C5478 /* XYPrint.app */ = {isa = PBXFileReference; explicitFileType = wrapper.application; includeInIndex = 0; path = XYPrint.app; sourceTree = BUILT_PRODUCTS_DIR; };
		EBFADA0E2396438E006C5478 /* AppDelegate.swift */ = {isa = PBXFileReference; lastKnownFileType = sourcecode.swift; path = AppDelegate.swift; sourceTree = "<group>"; };
		EBFADA132396438E006C5478 /* Base */ = {isa = PBXFileReference; lastKnownFileType = file.storyboard; name = Base; path = Base.lproj/Main.storyboard; sourceTree = "<group>"; };
		EBFADA152396438F006C5478 /* Assets.xcassets */ = {isa = PBXFileReference; lastKnownFileType = folder.assetcatalog; path = Assets.xcassets; sourceTree = "<group>"; };
		EBFADA182396438F006C5478 /* Base */ = {isa = PBXFileReference; lastKnownFileType = file.storyboard; name = Base; path = Base.lproj/LaunchScreen.storyboard; sourceTree = "<group>"; };
		EBFADA1A2396438F006C5478 /* Info.plist */ = {isa = PBXFileReference; lastKnownFileType = text.plist.xml; path = Info.plist; sourceTree = "<group>"; };
		EBFADA212396443A006C5478 /* ProgressHUD.h */ = {isa = PBXFileReference; fileEncoding = 4; lastKnownFileType = sourcecode.c.h; path = ProgressHUD.h; sourceTree = "<group>"; };
		EBFADA222396443A006C5478 /* ProgressHUD.m */ = {isa = PBXFileReference; fileEncoding = 4; lastKnownFileType = sourcecode.c.objc; path = ProgressHUD.m; sourceTree = "<group>"; };
		EBFADA262396443B006C5478 /* XYBLEManager.h */ = {isa = PBXFileReference; fileEncoding = 4; lastKnownFileType = sourcecode.c.h; path = XYBLEManager.h; sourceTree = "<group>"; };
		EBFADA272396443B006C5478 /* PosCommand.h */ = {isa = PBXFileReference; fileEncoding = 4; lastKnownFileType = sourcecode.c.h; path = PosCommand.h; sourceTree = "<group>"; };
		EBFADA282396443B006C5478 /* ImageTranster.h */ = {isa = PBXFileReference; fileEncoding = 4; lastKnownFileType = sourcecode.c.h; path = ImageTranster.h; sourceTree = "<group>"; };
		EBFADA292396443B006C5478 /* AsyncSocket.h */ = {isa = PBXFileReference; fileEncoding = 4; lastKnownFileType = sourcecode.c.h; path = AsyncSocket.h; sourceTree = "<group>"; };
		EBFADA2A2396443B006C5478 /* BLEManager.h */ = {isa = PBXFileReference; fileEncoding = 4; lastKnownFileType = sourcecode.c.h; path = BLEManager.h; sourceTree = "<group>"; };
		EBFADA2B2396443B006C5478 /* libXYPrinter.h */ = {isa = PBXFileReference; fileEncoding = 4; lastKnownFileType = sourcecode.c.h; path = libXYPrinter.h; sourceTree = "<group>"; };
		EBFADA2C2396443B006C5478 /* TscCommand.h */ = {isa = PBXFileReference; fileEncoding = 4; lastKnownFileType = sourcecode.c.h; path = TscCommand.h; sourceTree = "<group>"; };
		EBFADA2D2396443B006C5478 /* XYSDK.h */ = {isa = PBXFileReference; fileEncoding = 4; lastKnownFileType = sourcecode.c.h; path = XYSDK.h; sourceTree = "<group>"; };
		EBFADA2E2396443B006C5478 /* AsyncUdpSocket.h */ = {isa = PBXFileReference; fileEncoding = 4; lastKnownFileType = sourcecode.c.h; path = AsyncUdpSocket.h; sourceTree = "<group>"; };
		EBFADA2F2396443B006C5478 /* XYWIFIManager.h */ = {isa = PBXFileReference; fileEncoding = 4; lastKnownFileType = sourcecode.c.h; path = XYWIFIManager.h; sourceTree = "<group>"; };
		EBFADA302396443B006C5478 /* XYSDK.a */ = {isa = PBXFileReference; lastKnownFileType = archive.ar; path = XYSDK.a; sourceTree = "<group>"; };
		EBFADA3423964506006C5478 /* XYPrint-Bridging-Header.h */ = {isa = PBXFileReference; lastKnownFileType = sourcecode.c.h; path = "XYPrint-Bridging-Header.h"; sourceTree = "<group>"; };
		EBFADA3523964890006C5478 /* HomePageViewController.swift */ = {isa = PBXFileReference; lastKnownFileType = sourcecode.swift; path = HomePageViewController.swift; sourceTree = "<group>"; };
		EBFADA372396494A006C5478 /* TagPrintingViewController.swift */ = {isa = PBXFileReference; lastKnownFileType = sourcecode.swift; path = TagPrintingViewController.swift; sourceTree = "<group>"; };
		EBFADA392396496C006C5478 /* BillPrintingViewController.swift */ = {isa = PBXFileReference; lastKnownFileType = sourcecode.swift; path = BillPrintingViewController.swift; sourceTree = "<group>"; };
		EBFADA3B23965875006C5478 /* UIView+showToast.swift */ = {isa = PBXFileReference; fileEncoding = 4; lastKnownFileType = sourcecode.swift; path = "UIView+showToast.swift"; sourceTree = "<group>"; };
/* End PBXFileReference section */

/* Begin PBXFrameworksBuildPhase section */
		EBFADA082396438E006C5478 /* Frameworks */ = {
			isa = PBXFrameworksBuildPhase;
			buildActionMask = 2147483647;
			files = (
				EBFADA322396443B006C5478 /* XYSDK.a in Frameworks */,
			);
			runOnlyForDeploymentPostprocessing = 0;
		};
/* End PBXFrameworksBuildPhase section */

/* Begin PBXGroup section */
		EBFADA022396438E006C5478 = {
			isa = PBXGroup;
			children = (
				EBFADA3423964506006C5478 /* XYPrint-Bridging-Header.h */,
				EBFADA0D2396438E006C5478 /* XYPrint */,
				EBFADA0C2396438E006C5478 /* Products */,
			);
			sourceTree = "<group>";
		};
		EBFADA0C2396438E006C5478 /* Products */ = {
			isa = PBXGroup;
			children = (
				EBFADA0B2396438E006C5478 /* XYPrint.app */,
			);
			name = Products;
			sourceTree = "<group>";
		};
		EBFADA0D2396438E006C5478 /* XYPrint */ = {
			isa = PBXGroup;
			children = (
				EBFADA0E2396438E006C5478 /* AppDelegate.swift */,
				EBFADA122396438E006C5478 /* Main.storyboard */,
				EBFADA3B23965875006C5478 /* UIView+showToast.swift */,
				EBFADA3523964890006C5478 /* HomePageViewController.swift */,
				EBFADA372396494A006C5478 /* TagPrintingViewController.swift */,
				EBFADA392396496C006C5478 /* BillPrintingViewController.swift */,
				EBFADA152396438F006C5478 /* Assets.xcassets */,
				EBFADA172396438F006C5478 /* LaunchScreen.storyboard */,
				EBFADA1A2396438F006C5478 /* Info.plist */,
				EBFADA202396443A006C5478 /* ProgressHUD */,
				EBFADA232396443B006C5478 /* XYSDK */,
			);
			path = XYPrint;
			sourceTree = "<group>";
		};
		EBFADA202396443A006C5478 /* ProgressHUD */ = {
			isa = PBXGroup;
			children = (
				EBFADA212396443A006C5478 /* ProgressHUD.h */,
				EBFADA222396443A006C5478 /* ProgressHUD.m */,
			);
			path = ProgressHUD;
			sourceTree = "<group>";
		};
		EBFADA232396443B006C5478 /* XYSDK */ = {
			isa = PBXGroup;
			children = (
				EBFADA242396443B006C5478 /* include */,
				EBFADA302396443B006C5478 /* XYSDK.a */,
			);
			path = XYSDK;
			sourceTree = "<group>";
		};
		EBFADA242396443B006C5478 /* include */ = {
			isa = PBXGroup;
			children = (
				EBFADA252396443B006C5478 /* XYSDK */,
			);
			path = include;
			sourceTree = "<group>";
		};
		EBFADA252396443B006C5478 /* XYSDK */ = {
			isa = PBXGroup;
			children = (
				EBFADA262396443B006C5478 /* XYBLEManager.h */,
				EBFADA272396443B006C5478 /* PosCommand.h */,
				EBFADA282396443B006C5478 /* ImageTranster.h */,
				EBFADA292396443B006C5478 /* AsyncSocket.h */,
				EBFADA2A2396443B006C5478 /* BLEManager.h */,
				EBFADA2B2396443B006C5478 /* libXYPrinter.h */,
				EBFADA2C2396443B006C5478 /* TscCommand.h */,
				EBFADA2D2396443B006C5478 /* XYSDK.h */,
				EBFADA2E2396443B006C5478 /* AsyncUdpSocket.h */,
				EBFADA2F2396443B006C5478 /* XYWIFIManager.h */,
			);
			path = XYSDK;
			sourceTree = "<group>";
		};
/* End PBXGroup section */

/* Begin PBXNativeTarget section */
		EBFADA0A2396438E006C5478 /* XYPrint */ = {
			isa = PBXNativeTarget;
			buildConfigurationList = EBFADA1D2396438F006C5478 /* Build configuration list for PBXNativeTarget "XYPrint" */;
			buildPhases = (
				EBFADA072396438E006C5478 /* Sources */,
				EBFADA082396438E006C5478 /* Frameworks */,
				EBFADA092396438E006C5478 /* Resources */,
			);
			buildRules = (
			);
			dependencies = (
			);
			name = XYPrint;
			productName = XYPrint;
			productReference = EBFADA0B2396438E006C5478 /* XYPrint.app */;
			productType = "com.apple.product-type.application";
		};
/* End PBXNativeTarget section */

/* Begin PBXProject section */
		EBFADA032396438E006C5478 /* Project object */ = {
			isa = PBXProject;
			attributes = {
				LastSwiftUpdateCheck = 1030;
				LastUpgradeCheck = 1030;
				ORGANIZATIONNAME = Kimbely;
				TargetAttributes = {
					EBFADA0A2396438E006C5478 = {
						CreatedOnToolsVersion = 10.3;
					};
				};
			};
			buildConfigurationList = EBFADA062396438E006C5478 /* Build configuration list for PBXProject "XYPrint" */;
			compatibilityVersion = "Xcode 9.3";
			developmentRegion = en;
			hasScannedForEncodings = 0;
			knownRegions = (
				en,
				Base,
			);
			mainGroup = EBFADA022396438E006C5478;
			productRefGroup = EBFADA0C2396438E006C5478 /* Products */;
			projectDirPath = "";
			projectRoot = "";
			targets = (
				EBFADA0A2396438E006C5478 /* XYPrint */,
			);
		};
/* End PBXProject section */

/* Begin PBXResourcesBuildPhase section */
		EBFADA092396438E006C5478 /* Resources */ = {
			isa = PBXResourcesBuildPhase;
			buildActionMask = 2147483647;
			files = (
				EBFADA192396438F006C5478 /* LaunchScreen.storyboard in Resources */,
				EBFADA162396438F006C5478 /* Assets.xcassets in Resources */,
				EBFADA142396438E006C5478 /* Main.storyboard in Resources */,
			);
			runOnlyForDeploymentPostprocessing = 0;
		};
/* End PBXResourcesBuildPhase section */

/* Begin PBXSourcesBuildPhase section */
		EBFADA072396438E006C5478 /* Sources */ = {
			isa = PBXSourcesBuildPhase;
			buildActionMask = 2147483647;
			files = (
				EBFADA382396494A006C5478 /* TagPrintingViewController.swift in Sources */,
				EBFADA3C23965875006C5478 /* UIView+showToast.swift in Sources */,
				EBFADA3A2396496C006C5478 /* BillPrintingViewController.swift in Sources */,
				EBFADA312396443B006C5478 /* ProgressHUD.m in Sources */,
				EBFADA0F2396438E006C5478 /* AppDelegate.swift in Sources */,
				EBFADA3623964890006C5478 /* HomePageViewController.swift in Sources */,
			);
			runOnlyForDeploymentPostprocessing = 0;
		};
/* End PBXSourcesBuildPhase section */

/* Begin PBXVariantGroup section */
		EBFADA122396438E006C5478 /* Main.storyboard */ = {
			isa = PBXVariantGroup;
			children = (
				EBFADA132396438E006C5478 /* Base */,
			);
			name = Main.storyboard;
			sourceTree = "<group>";
		};
		EBFADA172396438F006C5478 /* LaunchScreen.storyboard */ = {
			isa = PBXVariantGroup;
			children = (
				EBFADA182396438F006C5478 /* Base */,
			);
			name = LaunchScreen.storyboard;
			sourceTree = "<group>";
		};
/* End PBXVariantGroup section */

/* Begin XCBuildConfiguration section */
		EBFADA1B2396438F006C5478 /* Debug */ = {
			isa = XCBuildConfiguration;
			buildSettings = {
				ALWAYS_SEARCH_USER_PATHS = NO;
				CLANG_ANALYZER_NONNULL = YES;
				CLANG_ANALYZER_NUMBER_OBJECT_CONVERSION = YES_AGGRESSIVE;
				CLANG_CXX_LANGUAGE_STANDARD = "gnu++14";
				CLANG_CXX_LIBRARY = "libc++";
				CLANG_ENABLE_MODULES = YES;
				CLANG_ENABLE_OBJC_ARC = YES;
				CLANG_ENABLE_OBJC_WEAK = YES;
				CLANG_WARN_BLOCK_CAPTURE_AUTORELEASING = YES;
				CLANG_WARN_BOOL_CONVERSION = YES;
				CLANG_WARN_COMMA = YES;
				CLANG_WARN_CONSTANT_CONVERSION = YES;
				CLANG_WARN_DEPRECATED_OBJC_IMPLEMENTATIONS = YES;
				CLANG_WARN_DIRECT_OBJC_ISA_USAGE = YES_ERROR;
				CLANG_WARN_DOCUMENTATION_COMMENTS = YES;
				CLANG_WARN_EMPTY_BODY = YES;
				CLANG_WARN_ENUM_CONVERSION = YES;
				CLANG_WARN_INFINITE_RECURSION = YES;
				CLANG_WARN_INT_CONVERSION = YES;
				CLANG_WARN_NON_LITERAL_NULL_CONVERSION = YES;
				CLANG_WARN_OBJC_IMPLICIT_RETAIN_SELF = YES;
				CLANG_WARN_OBJC_LITERAL_CONVERSION = YES;
				CLANG_WARN_OBJC_ROOT_CLASS = YES_ERROR;
				CLANG_WARN_RANGE_LOOP_ANALYSIS = YES;
				CLANG_WARN_STRICT_PROTOTYPES = YES;
				CLANG_WARN_SUSPICIOUS_MOVE = YES;
				CLANG_WARN_UNGUARDED_AVAILABILITY = YES_AGGRESSIVE;
				CLANG_WARN_UNREACHABLE_CODE = YES;
				CLANG_WARN__DUPLICATE_METHOD_MATCH = YES;
				CODE_SIGN_IDENTITY = "iPhone Developer";
				COPY_PHASE_STRIP = NO;
				DEBUG_INFORMATION_FORMAT = dwarf;
				ENABLE_STRICT_OBJC_MSGSEND = YES;
				ENABLE_TESTABILITY = YES;
				GCC_C_LANGUAGE_STANDARD = gnu11;
				GCC_DYNAMIC_NO_PIC = NO;
				GCC_NO_COMMON_BLOCKS = YES;
				GCC_OPTIMIZATION_LEVEL = 0;
				GCC_PREPROCESSOR_DEFINITIONS = (
					"DEBUG=1",
					"$(inherited)",
				);
				GCC_WARN_64_TO_32_BIT_CONVERSION = YES;
				GCC_WARN_ABOUT_RETURN_TYPE = YES_ERROR;
				GCC_WARN_UNDECLARED_SELECTOR = YES;
				GCC_WARN_UNINITIALIZED_AUTOS = YES_AGGRESSIVE;
				GCC_WARN_UNUSED_FUNCTION = YES;
				GCC_WARN_UNUSED_VARIABLE = YES;
				IPHONEOS_DEPLOYMENT_TARGET = 12.4;
				MTL_ENABLE_DEBUG_INFO = INCLUDE_SOURCE;
				MTL_FAST_MATH = YES;
				ONLY_ACTIVE_ARCH = YES;
				SDKROOT = iphoneos;
				SWIFT_ACTIVE_COMPILATION_CONDITIONS = DEBUG;
				SWIFT_OPTIMIZATION_LEVEL = "-Onone";
			};
			name = Debug;
		};
		EBFADA1C2396438F006C5478 /* Release */ = {
			isa = XCBuildConfiguration;
			buildSettings = {
				ALWAYS_SEARCH_USER_PATHS = NO;
				CLANG_ANALYZER_NONNULL = YES;
				CLANG_ANALYZER_NUMBER_OBJECT_CONVERSION = YES_AGGRESSIVE;
				CLANG_CXX_LANGUAGE_STANDARD = "gnu++14";
				CLANG_CXX_LIBRARY = "libc++";
				CLANG_ENABLE_MODULES = YES;
				CLANG_ENABLE_OBJC_ARC = YES;
				CLANG_ENABLE_OBJC_WEAK = YES;
				CLANG_WARN_BLOCK_CAPTURE_AUTORELEASING = YES;
				CLANG_WARN_BOOL_CONVERSION = YES;
				CLANG_WARN_COMMA = YES;
				CLANG_WARN_CONSTANT_CONVERSION = YES;
				CLANG_WARN_DEPRECATED_OBJC_IMPLEMENTATIONS = YES;
				CLANG_WARN_DIRECT_OBJC_ISA_USAGE = YES_ERROR;
				CLANG_WARN_DOCUMENTATION_COMMENTS = YES;
				CLANG_WARN_EMPTY_BODY = YES;
				CLANG_WARN_ENUM_CONVERSION = YES;
				CLANG_WARN_INFINITE_RECURSION = YES;
				CLANG_WARN_INT_CONVERSION = YES;
				CLANG_WARN_NON_LITERAL_NULL_CONVERSION = YES;
				CLANG_WARN_OBJC_IMPLICIT_RETAIN_SELF = YES;
				CLANG_WARN_OBJC_LITERAL_CONVERSION = YES;
				CLANG_WARN_OBJC_ROOT_CLASS = YES_ERROR;
				CLANG_WARN_RANGE_LOOP_ANALYSIS = YES;
				CLANG_WARN_STRICT_PROTOTYPES = YES;
				CLANG_WARN_SUSPICIOUS_MOVE = YES;
				CLANG_WARN_UNGUARDED_AVAILABILITY = YES_AGGRESSIVE;
				CLANG_WARN_UNREACHABLE_CODE = YES;
				CLANG_WARN__DUPLICATE_METHOD_MATCH = YES;
				CODE_SIGN_IDENTITY = "iPhone Developer";
				COPY_PHASE_STRIP = NO;
				DEBUG_INFORMATION_FORMAT = "dwarf-with-dsym";
				ENABLE_NS_ASSERTIONS = NO;
				ENABLE_STRICT_OBJC_MSGSEND = YES;
				GCC_C_LANGUAGE_STANDARD = gnu11;
				GCC_NO_COMMON_BLOCKS = YES;
				GCC_WARN_64_TO_32_BIT_CONVERSION = YES;
				GCC_WARN_ABOUT_RETURN_TYPE = YES_ERROR;
				GCC_WARN_UNDECLARED_SELECTOR = YES;
				GCC_WARN_UNINITIALIZED_AUTOS = YES_AGGRESSIVE;
				GCC_WARN_UNUSED_FUNCTION = YES;
				GCC_WARN_UNUSED_VARIABLE = YES;
				IPHONEOS_DEPLOYMENT_TARGET = 12.4;
				MTL_ENABLE_DEBUG_INFO = NO;
				MTL_FAST_MATH = YES;
				SDKROOT = iphoneos;
				SWIFT_COMPILATION_MODE = wholemodule;
				SWIFT_OPTIMIZATION_LEVEL = "-O";
				VALIDATE_PRODUCT = YES;
			};
			name = Release;
		};
		EBFADA1E2396438F006C5478 /* Debug */ = {
			isa = XCBuildConfiguration;
			buildSettings = {
				ASSETCATALOG_COMPILER_APPICON_NAME = AppIcon;
				CODE_SIGN_STYLE = Automatic;
				DEFINES_MODULE = NO;
				DEVELOPMENT_TEAM = 6UH7D68N7N;
				INFOPLIST_FILE = XYPrint/Info.plist;
				LD_RUNPATH_SEARCH_PATHS = (
					"$(inherited)",
					"@executable_path/Frameworks",
				);
				LIBRARY_SEARCH_PATHS = (
					"$(inherited)",
					"$(PROJECT_DIR)/XYPrint/XYSDK",
				);
				PRODUCT_BUNDLE_IDENTIFIER = com.XYPrint;
				PRODUCT_NAME = "$(TARGET_NAME)";
				SWIFT_OBJC_BRIDGING_HEADER = "/Users/kimbely/Desktop/XYPrint/XYPrint-Bridging-Header.h";
				SWIFT_VERSION = 5.0;
				TARGETED_DEVICE_FAMILY = 1;
			};
			name = Debug;
		};
		EBFADA1F2396438F006C5478 /* Release */ = {
			isa = XCBuildConfiguration;
			buildSettings = {
				ASSETCATALOG_COMPILER_APPICON_NAME = AppIcon;
				CODE_SIGN_STYLE = Automatic;
				DEFINES_MODULE = NO;
				DEVELOPMENT_TEAM = 6UH7D68N7N;
				INFOPLIST_FILE = XYPrint/Info.plist;
				LD_RUNPATH_SEARCH_PATHS = (
					"$(inherited)",
					"@executable_path/Frameworks",
				);
				LIBRARY_SEARCH_PATHS = (
					"$(inherited)",
					"$(PROJECT_DIR)/XYPrint/XYSDK",
				);
				PRODUCT_BUNDLE_IDENTIFIER = com.XYPrint;
				PRODUCT_NAME = "$(TARGET_NAME)";
				SWIFT_OBJC_BRIDGING_HEADER = "/Users/kimbely/Desktop/XYPrint/XYPrint-Bridging-Header.h";
				SWIFT_VERSION = 5.0;
				TARGETED_DEVICE_FAMILY = 1;
			};
			name = Release;
		};
/* End XCBuildConfiguration section */

/* Begin XCConfigurationList section */
		EBFADA062396438E006C5478 /* Build configuration list for PBXProject "XYPrint" */ = {
			isa = XCConfigurationList;
			buildConfigurations = (
				EBFADA1B2396438F006C5478 /* Debug */,
				EBFADA1C2396438F006C5478 /* Release */,
			);
			defaultConfigurationIsVisible = 0;
			defaultConfigurationName = Release;
		};
		EBFADA1D2396438F006C5478 /* Build configuration list for PBXNativeTarget "XYPrint" */ = {
			isa = XCConfigurationList;
			buildConfigurations = (
				EBFADA1E2396438F006C5478 /* Debug */,
				EBFADA1F2396438F006C5478 /* Release */,
			);
			defaultConfigurationIsVisible = 0;
			defaultConfigurationName = Release;
		};
/* End XCConfigurationList section */
	};
	rootObject = EBFADA032396438E006C5478 /* Project object */;
}
